
Microsoft Visual Studio Solution File, Format Version 12.00
# Visual Studio Version 16
VisualStudioVersion = 16.0.34407.143
MinimumVisualStudioVersion = 10.0.40219.1
Project("{FAE04EC0-301F-11D3-BF4B-00C04F79EFBC}") = "Maths", "Math\Maths.csproj", "{8A9E3FF3-681C-48F0-8A25-AFD877DF4133}"
EndProject
Project("{FAE04EC0-301F-11D3-BF4B-00C04F79EFBC}") = "MathTest", "MathTest\MathTest.csproj", "{E97BDD49-C67D-43CF-8BCA-45476514749A}"
EndProject
Global
	GlobalSection(SolutionConfigurationPlatforms) = preSolution
		Debug|Any CPU = Debug|Any CPU
		Release|Any CPU = Release|Any CPU
	EndGlobalSection
	GlobalSection(ProjectConfigurationPlatforms) = postSolution
		{8A9E3FF3-681C-48F0-8A25-AFD877DF4133}.Debug|Any CPU.ActiveCfg = Debug|Any CPU
		{8A9E3FF3-681C-48F0-8A25-AFD877DF4133}.Debug|Any CPU.Build.0 = Debug|Any CPU
		{8A9E3FF3-681C-48F0-8A25-AFD877DF4133}.Release|Any CPU.ActiveCfg = Release|Any CPU
		{8A9E3FF3-681C-48F0-8A25-AFD877DF4133}.Release|Any CPU.Build.0 = Release|Any CPU
		{E97BDD49-C67D-43CF-8BCA-45476514749A}.Debug|Any CPU.ActiveCfg = Debug|Any CPU
		{E97BDD49-C67D-43CF-8BCA-45476514749A}.Debug|Any CPU.Build.0 = Debug|Any CPU
		{E97BDD49-C67D-43CF-8BCA-45476514749A}.Release|Any CPU.ActiveCfg = Release|Any CPU
		{E97BDD49-C67D-43CF-8BCA-45476514749A}.Release|Any CPU.Build.0 = Release|Any CPU
	EndGlobalSection
	GlobalSection(SolutionProperties) = preSolution
		HideSolutionNode = FALSE
	EndGlobalSection
	GlobalSection(ExtensibilityGlobals) = postSolution
		SolutionGuid = {DDE881F3-F6F1-4EFD-93D2-E0F6B2F686A9}
	EndGlobalSection
EndGlobal
